// !$*UTF8*$!
{
	archiveVersion = 1;
	classes = {
	};
	objectVersion = 51;
	objects = {

/* Begin PBXBuildFile section */
		544DA1862672401400DE3C8D /* SignIn.swift in Sources */ = {isa = PBXBuildFile; fileRef = 544DA1852672401400DE3C8D /* SignIn.swift */; };
		544DA1892672440900DE3C8D /* SignInViewController.swift in Sources */ = {isa = PBXBuildFile; fileRef = 544DA1882672440900DE3C8D /* SignInViewController.swift */; };
		544DA18B26724E5000DE3C8D /* SignUpViewController.swift in Sources */ = {isa = PBXBuildFile; fileRef = 544DA18A26724E5000DE3C8D /* SignUpViewController.swift */; };
		544DA18D267285E200DE3C8D /* Auth.storyboard in Resources */ = {isa = PBXBuildFile; fileRef = 544DA18C267285E200DE3C8D /* Auth.storyboard */; };
		5477A844266A10A5009064C7 /* APIProvider.swift in Sources */ = {isa = PBXBuildFile; fileRef = 5477A843266A10A5009064C7 /* APIProvider.swift */; };
		5477A846266A10BF009064C7 /* AuthAPI.swift in Sources */ = {isa = PBXBuildFile; fileRef = 5477A845266A10BF009064C7 /* AuthAPI.swift */; };
		5477A848266A120F009064C7 /* CalendarAPI.swift in Sources */ = {isa = PBXBuildFile; fileRef = 5477A847266A120F009064C7 /* CalendarAPI.swift */; };
		5477A84A266A126C009064C7 /* NoticeAPI.swift in Sources */ = {isa = PBXBuildFile; fileRef = 5477A849266A126C009064C7 /* NoticeAPI.swift */; };
		5477A84C266A1465009064C7 /* HomeworkAPI.swift in Sources */ = {isa = PBXBuildFile; fileRef = 5477A84B266A1465009064C7 /* HomeworkAPI.swift */; };
		5477A84F266A1532009064C7 /* Headers.swift in Sources */ = {isa = PBXBuildFile; fileRef = 5477A84E266A1532009064C7 /* Headers.swift */; };
		54B1B83526661DC300EDEDAB /* AppDelegate.swift in Sources */ = {isa = PBXBuildFile; fileRef = 54B1B83426661DC300EDEDAB /* AppDelegate.swift */; };
		54B1B83726661DC300EDEDAB /* SceneDelegate.swift in Sources */ = {isa = PBXBuildFile; fileRef = 54B1B83626661DC300EDEDAB /* SceneDelegate.swift */; };
		54B1B83E26661DC500EDEDAB /* Assets.xcassets in Resources */ = {isa = PBXBuildFile; fileRef = 54B1B83D26661DC500EDEDAB /* Assets.xcassets */; };
		54B1B84126661DC500EDEDAB /* LaunchScreen.storyboard in Resources */ = {isa = PBXBuildFile; fileRef = 54B1B83F26661DC500EDEDAB /* LaunchScreen.storyboard */; };
		54BD212B266624B600464EEE /* NotoSansKR-Light.otf in Resources */ = {isa = PBXBuildFile; fileRef = 54BD21252666246100464EEE /* NotoSansKR-Light.otf */; };
		54BD212C266624B800464EEE /* NotoSansKR-Bold.otf in Resources */ = {isa = PBXBuildFile; fileRef = 54BD21292666246200464EEE /* NotoSansKR-Bold.otf */; };
		54BD212D266624BA00464EEE /* NotoSansKR-Black.otf in Resources */ = {isa = PBXBuildFile; fileRef = 54BD212A2666246200464EEE /* NotoSansKR-Black.otf */; };
		54BD212E266624BD00464EEE /* NotoSansKR-Medium.otf in Resources */ = {isa = PBXBuildFile; fileRef = 54BD21262666246100464EEE /* NotoSansKR-Medium.otf */; };
		54BD212F266624BF00464EEE /* NotoSansKR-Regular.otf in Resources */ = {isa = PBXBuildFile; fileRef = 54BD21272666246200464EEE /* NotoSansKR-Regular.otf */; };
		54BD2130266624C200464EEE /* NotoSansKR-Thin.otf in Resources */ = {isa = PBXBuildFile; fileRef = 54BD21282666246200464EEE /* NotoSansKR-Thin.otf */; };
		5C651BE9FDEAF9A30DE033A5 /* Pods_GRAMO.framework in Frameworks */ = {isa = PBXBuildFile; fileRef = BCE7674852D761097D82515C /* Pods_GRAMO.framework */; };
		EF71EED326676B57000F2278 /* info.storyboard in Resources */ = {isa = PBXBuildFile; fileRef = EF71EED126676B57000F2278 /* info.storyboard */; };
		EF71EED426676B57000F2278 /* homework.storyboard in Resources */ = {isa = PBXBuildFile; fileRef = EF71EED226676B57000F2278 /* homework.storyboard */; };
		EF71EEDE26676BD3000F2278 /* HomeworkOrderedViewController.swift in Sources */ = {isa = PBXBuildFile; fileRef = EF71EEDA26676BD3000F2278 /* HomeworkOrderedViewController.swift */; };
		EF71EEDF26676BD3000F2278 /* HomeworkListViewController.swift in Sources */ = {isa = PBXBuildFile; fileRef = EF71EEDB26676BD3000F2278 /* HomeworkListViewController.swift */; };
		EF71EEE026676BD3000F2278 /* HomeworkAddViewController.swift in Sources */ = {isa = PBXBuildFile; fileRef = EF71EEDC26676BD3000F2278 /* HomeworkAddViewController.swift */; };
		EF71EEE126676BD3000F2278 /* HomeworkAssignedViewController.swift in Sources */ = {isa = PBXBuildFile; fileRef = EF71EEDD26676BD3000F2278 /* HomeworkAssignedViewController.swift */; };
		EF71EEE526676BDD000F2278 /* SecondSectionTableViewCell.swift in Sources */ = {isa = PBXBuildFile; fileRef = EF71EEE226676BDD000F2278 /* SecondSectionTableViewCell.swift */; };
		EF71EEE626676BDD000F2278 /* ThirdSectionTableViewCell.swift in Sources */ = {isa = PBXBuildFile; fileRef = EF71EEE326676BDD000F2278 /* ThirdSectionTableViewCell.swift */; };
		EF71EEE726676BDD000F2278 /* FirstSectionTableViewCell.swift in Sources */ = {isa = PBXBuildFile; fileRef = EF71EEE426676BDD000F2278 /* FirstSectionTableViewCell.swift */; };
		EF71EEEA26676BFA000F2278 /* SideMenuNavigationController.swift in Sources */ = {isa = PBXBuildFile; fileRef = EF71EEE826676BFA000F2278 /* SideMenuNavigationController.swift */; };
		EF71EEEB26676BFA000F2278 /* SideMenuViewController.swift in Sources */ = {isa = PBXBuildFile; fileRef = EF71EEE926676BFA000F2278 /* SideMenuViewController.swift */; };
		EF71EEF026676C10000F2278 /* InfoDetailViewController.swift in Sources */ = {isa = PBXBuildFile; fileRef = EF71EEEC26676C10000F2278 /* InfoDetailViewController.swift */; };
		EF71EEF126676C10000F2278 /* InfoListViewController.swift in Sources */ = {isa = PBXBuildFile; fileRef = EF71EEED26676C10000F2278 /* InfoListViewController.swift */; };
		EF71EEF226676C10000F2278 /* infoTableViewCell.swift in Sources */ = {isa = PBXBuildFile; fileRef = EF71EEEE26676C10000F2278 /* infoTableViewCell.swift */; };
		EF71EEF326676C10000F2278 /* InfoAddViewController.swift in Sources */ = {isa = PBXBuildFile; fileRef = EF71EEEF26676C10000F2278 /* InfoAddViewController.swift */; };
		EF71EEF526676C1C000F2278 /* UIextiention.swift in Sources */ = {isa = PBXBuildFile; fileRef = EF71EEF426676C1C000F2278 /* UIextiention.swift */; };
		EF71EEFC26677324000F2278 /* GetPlan.swift in Sources */ = {isa = PBXBuildFile; fileRef = EF71EEF926677324000F2278 /* GetPlan.swift */; };
		EF71EEFD26677324000F2278 /* GetPICU.swift in Sources */ = {isa = PBXBuildFile; fileRef = EF71EEFA26677324000F2278 /* GetPICU.swift */; };
		EF71EEFE26677324000F2278 /* GetCalenderList.swift in Sources */ = {isa = PBXBuildFile; fileRef = EF71EEFB26677324000F2278 /* GetCalenderList.swift */; };
		EF71EF0226677344000F2278 /* PICUTableViewCell.swift in Sources */ = {isa = PBXBuildFile; fileRef = EF71EF0026677344000F2278 /* PICUTableViewCell.swift */; };
		EF71EF0326677344000F2278 /* SpecialTableViewCell.swift in Sources */ = {isa = PBXBuildFile; fileRef = EF71EF0126677344000F2278 /* SpecialTableViewCell.swift */; };
		EF71EF0826677377000F2278 /* infoListModel.swift in Sources */ = {isa = PBXBuildFile; fileRef = EF71EF0726677377000F2278 /* infoListModel.swift */; };
		EF71EF0D2667739D000F2278 /* SecondSectionModel.swift in Sources */ = {isa = PBXBuildFile; fileRef = EF71EF0A2667739D000F2278 /* SecondSectionModel.swift */; };
		EF71EF0E2667739D000F2278 /* FirstSectionModel.swift in Sources */ = {isa = PBXBuildFile; fileRef = EF71EF0B2667739D000F2278 /* FirstSectionModel.swift */; };
		EF71EF0F2667739D000F2278 /* ThirdSectionModel.swift in Sources */ = {isa = PBXBuildFile; fileRef = EF71EF0C2667739D000F2278 /* ThirdSectionModel.swift */; };
		EF71EF14266773B3000F2278 /* notice.swift in Sources */ = {isa = PBXBuildFile; fileRef = EF71EF10266773B2000F2278 /* notice.swift */; };
		EF71EF15266773B3000F2278 /* GetNoticeList.swift in Sources */ = {isa = PBXBuildFile; fileRef = EF71EF11266773B2000F2278 /* GetNoticeList.swift */; };
		EF71EF16266773B3000F2278 /* noticeDetail.swift in Sources */ = {isa = PBXBuildFile; fileRef = EF71EF12266773B3000F2278 /* noticeDetail.swift */; };
		EF71EF17266773B3000F2278 /* GetNoticeDetail.swift in Sources */ = {isa = PBXBuildFile; fileRef = EF71EF13266773B3000F2278 /* GetNoticeDetail.swift */; };
		EF71EF1D266773C3000F2278 /* HwListResponseT.swift in Sources */ = {isa = PBXBuildFile; fileRef = EF71EF18266773C3000F2278 /* HwListResponseT.swift */; };
		EF71EF1E266773C3000F2278 /* GetUserList.swift in Sources */ = {isa = PBXBuildFile; fileRef = EF71EF19266773C3000F2278 /* GetUserList.swift */; };
		EF71EF1F266773C3000F2278 /* HwUser.swift in Sources */ = {isa = PBXBuildFile; fileRef = EF71EF1A266773C3000F2278 /* HwUser.swift */; };
		EF71EF20266773C3000F2278 /* HwContent.swift in Sources */ = {isa = PBXBuildFile; fileRef = EF71EF1B266773C3000F2278 /* HwContent.swift */; };
		EF71EF21266773C3000F2278 /* HwListResponseS.swift in Sources */ = {isa = PBXBuildFile; fileRef = EF71EF1C266773C3000F2278 /* HwListResponseS.swift */; };
		EF71EF242667741D000F2278 /* HTTPClient.swift in Sources */ = {isa = PBXBuildFile; fileRef = EF71EF222667741D000F2278 /* HTTPClient.swift */; };
		EF71EF2926677441000F2278 /* DetailViewController.swift in Sources */ = {isa = PBXBuildFile; fileRef = EF71EF2726677441000F2278 /* DetailViewController.swift */; };
		EF71EF2A26677441000F2278 /* CalendarViewController.swift in Sources */ = {isa = PBXBuildFile; fileRef = EF71EF2826677441000F2278 /* CalendarViewController.swift */; };
		EF71EF2C266774B2000F2278 /* Calendar2.storyboard in Resources */ = {isa = PBXBuildFile; fileRef = EF71EF2B266774B2000F2278 /* Calendar2.storyboard */; };
		EF7BF66726959395003C519E /* GoogleService-Info-3.plist in Resources */ = {isa = PBXBuildFile; fileRef = EF7BF66626959395003C519E /* GoogleService-Info-3.plist */; };
/* End PBXBuildFile section */

/* Begin PBXFileReference section */
		4839AD9BA6790E84B5F90CB3 /* Pods-GRAMO.release.xcconfig */ = {isa = PBXFileReference; includeInIndex = 1; lastKnownFileType = text.xcconfig; name = "Pods-GRAMO.release.xcconfig"; path = "Target Support Files/Pods-GRAMO/Pods-GRAMO.release.xcconfig"; sourceTree = "<group>"; };
		544DA1852672401400DE3C8D /* SignIn.swift */ = {isa = PBXFileReference; lastKnownFileType = sourcecode.swift; path = SignIn.swift; sourceTree = "<group>"; };
		544DA1882672440900DE3C8D /* SignInViewController.swift */ = {isa = PBXFileReference; lastKnownFileType = sourcecode.swift; path = SignInViewController.swift; sourceTree = "<group>"; };
		544DA18A26724E5000DE3C8D /* SignUpViewController.swift */ = {isa = PBXFileReference; lastKnownFileType = sourcecode.swift; path = SignUpViewController.swift; sourceTree = "<group>"; };
		544DA18C267285E200DE3C8D /* Auth.storyboard */ = {isa = PBXFileReference; lastKnownFileType = file.storyboard; path = Auth.storyboard; sourceTree = "<group>"; };
		5477A843266A10A5009064C7 /* APIProvider.swift */ = {isa = PBXFileReference; lastKnownFileType = sourcecode.swift; path = APIProvider.swift; sourceTree = "<group>"; };
		5477A845266A10BF009064C7 /* AuthAPI.swift */ = {isa = PBXFileReference; lastKnownFileType = sourcecode.swift; path = AuthAPI.swift; sourceTree = "<group>"; };
		5477A847266A120F009064C7 /* CalendarAPI.swift */ = {isa = PBXFileReference; lastKnownFileType = sourcecode.swift; path = CalendarAPI.swift; sourceTree = "<group>"; };
		5477A849266A126C009064C7 /* NoticeAPI.swift */ = {isa = PBXFileReference; lastKnownFileType = sourcecode.swift; path = NoticeAPI.swift; sourceTree = "<group>"; };
		5477A84B266A1465009064C7 /* HomeworkAPI.swift */ = {isa = PBXFileReference; lastKnownFileType = sourcecode.swift; path = HomeworkAPI.swift; sourceTree = "<group>"; };
		5477A84E266A1532009064C7 /* Headers.swift */ = {isa = PBXFileReference; lastKnownFileType = sourcecode.swift; path = Headers.swift; sourceTree = "<group>"; };
		54B1B83126661DC300EDEDAB /* GRAMO.app */ = {isa = PBXFileReference; explicitFileType = wrapper.application; includeInIndex = 0; path = GRAMO.app; sourceTree = BUILT_PRODUCTS_DIR; };
		54B1B83426661DC300EDEDAB /* AppDelegate.swift */ = {isa = PBXFileReference; lastKnownFileType = sourcecode.swift; path = AppDelegate.swift; sourceTree = "<group>"; };
		54B1B83626661DC300EDEDAB /* SceneDelegate.swift */ = {isa = PBXFileReference; lastKnownFileType = sourcecode.swift; path = SceneDelegate.swift; sourceTree = "<group>"; };
		54B1B83D26661DC500EDEDAB /* Assets.xcassets */ = {isa = PBXFileReference; lastKnownFileType = folder.assetcatalog; path = Assets.xcassets; sourceTree = "<group>"; };
		54B1B84026661DC500EDEDAB /* Base */ = {isa = PBXFileReference; lastKnownFileType = file.storyboard; name = Base; path = Base.lproj/LaunchScreen.storyboard; sourceTree = "<group>"; };
		54B1B84226661DC500EDEDAB /* Info.plist */ = {isa = PBXFileReference; lastKnownFileType = text.plist.xml; path = Info.plist; sourceTree = "<group>"; };
		54BD21252666246100464EEE /* NotoSansKR-Light.otf */ = {isa = PBXFileReference; lastKnownFileType = file; path = "NotoSansKR-Light.otf"; sourceTree = "<group>"; };
		54BD21262666246100464EEE /* NotoSansKR-Medium.otf */ = {isa = PBXFileReference; lastKnownFileType = file; path = "NotoSansKR-Medium.otf"; sourceTree = "<group>"; };
		54BD21272666246200464EEE /* NotoSansKR-Regular.otf */ = {isa = PBXFileReference; lastKnownFileType = file; path = "NotoSansKR-Regular.otf"; sourceTree = "<group>"; };
		54BD21282666246200464EEE /* NotoSansKR-Thin.otf */ = {isa = PBXFileReference; lastKnownFileType = file; path = "NotoSansKR-Thin.otf"; sourceTree = "<group>"; };
		54BD21292666246200464EEE /* NotoSansKR-Bold.otf */ = {isa = PBXFileReference; lastKnownFileType = file; path = "NotoSansKR-Bold.otf"; sourceTree = "<group>"; };
		54BD212A2666246200464EEE /* NotoSansKR-Black.otf */ = {isa = PBXFileReference; lastKnownFileType = file; path = "NotoSansKR-Black.otf"; sourceTree = "<group>"; };
		B973AABB18E56EA3106437C3 /* Pods-GRAMO.debug.xcconfig */ = {isa = PBXFileReference; includeInIndex = 1; lastKnownFileType = text.xcconfig; name = "Pods-GRAMO.debug.xcconfig"; path = "Target Support Files/Pods-GRAMO/Pods-GRAMO.debug.xcconfig"; sourceTree = "<group>"; };
		BCE7674852D761097D82515C /* Pods_GRAMO.framework */ = {isa = PBXFileReference; explicitFileType = wrapper.framework; includeInIndex = 0; path = Pods_GRAMO.framework; sourceTree = BUILT_PRODUCTS_DIR; };
		EF71EED126676B57000F2278 /* info.storyboard */ = {isa = PBXFileReference; fileEncoding = 4; lastKnownFileType = file.storyboard; path = info.storyboard; sourceTree = "<group>"; };
		EF71EED226676B57000F2278 /* homework.storyboard */ = {isa = PBXFileReference; fileEncoding = 4; lastKnownFileType = file.storyboard; path = homework.storyboard; sourceTree = "<group>"; };
		EF71EEDA26676BD3000F2278 /* HomeworkOrderedViewController.swift */ = {isa = PBXFileReference; fileEncoding = 4; lastKnownFileType = sourcecode.swift; path = HomeworkOrderedViewController.swift; sourceTree = "<group>"; };
		EF71EEDB26676BD3000F2278 /* HomeworkListViewController.swift */ = {isa = PBXFileReference; fileEncoding = 4; lastKnownFileType = sourcecode.swift; path = HomeworkListViewController.swift; sourceTree = "<group>"; };
		EF71EEDC26676BD3000F2278 /* HomeworkAddViewController.swift */ = {isa = PBXFileReference; fileEncoding = 4; lastKnownFileType = sourcecode.swift; path = HomeworkAddViewController.swift; sourceTree = "<group>"; };
		EF71EEDD26676BD3000F2278 /* HomeworkAssignedViewController.swift */ = {isa = PBXFileReference; fileEncoding = 4; lastKnownFileType = sourcecode.swift; path = HomeworkAssignedViewController.swift; sourceTree = "<group>"; };
		EF71EEE226676BDD000F2278 /* SecondSectionTableViewCell.swift */ = {isa = PBXFileReference; fileEncoding = 4; lastKnownFileType = sourcecode.swift; path = SecondSectionTableViewCell.swift; sourceTree = "<group>"; };
		EF71EEE326676BDD000F2278 /* ThirdSectionTableViewCell.swift */ = {isa = PBXFileReference; fileEncoding = 4; lastKnownFileType = sourcecode.swift; path = ThirdSectionTableViewCell.swift; sourceTree = "<group>"; };
		EF71EEE426676BDD000F2278 /* FirstSectionTableViewCell.swift */ = {isa = PBXFileReference; fileEncoding = 4; lastKnownFileType = sourcecode.swift; path = FirstSectionTableViewCell.swift; sourceTree = "<group>"; };
		EF71EEE826676BFA000F2278 /* SideMenuNavigationController.swift */ = {isa = PBXFileReference; fileEncoding = 4; lastKnownFileType = sourcecode.swift; path = SideMenuNavigationController.swift; sourceTree = "<group>"; };
		EF71EEE926676BFA000F2278 /* SideMenuViewController.swift */ = {isa = PBXFileReference; fileEncoding = 4; lastKnownFileType = sourcecode.swift; path = SideMenuViewController.swift; sourceTree = "<group>"; };
		EF71EEEC26676C10000F2278 /* InfoDetailViewController.swift */ = {isa = PBXFileReference; fileEncoding = 4; lastKnownFileType = sourcecode.swift; path = InfoDetailViewController.swift; sourceTree = "<group>"; };
		EF71EEED26676C10000F2278 /* InfoListViewController.swift */ = {isa = PBXFileReference; fileEncoding = 4; lastKnownFileType = sourcecode.swift; path = InfoListViewController.swift; sourceTree = "<group>"; };
		EF71EEEE26676C10000F2278 /* infoTableViewCell.swift */ = {isa = PBXFileReference; fileEncoding = 4; lastKnownFileType = sourcecode.swift; path = infoTableViewCell.swift; sourceTree = "<group>"; };
		EF71EEEF26676C10000F2278 /* InfoAddViewController.swift */ = {isa = PBXFileReference; fileEncoding = 4; lastKnownFileType = sourcecode.swift; path = InfoAddViewController.swift; sourceTree = "<group>"; };
		EF71EEF426676C1C000F2278 /* UIextiention.swift */ = {isa = PBXFileReference; fileEncoding = 4; lastKnownFileType = sourcecode.swift; path = UIextiention.swift; sourceTree = "<group>"; };
		EF71EEF926677324000F2278 /* GetPlan.swift */ = {isa = PBXFileReference; fileEncoding = 4; lastKnownFileType = sourcecode.swift; path = GetPlan.swift; sourceTree = "<group>"; };
		EF71EEFA26677324000F2278 /* GetPICU.swift */ = {isa = PBXFileReference; fileEncoding = 4; lastKnownFileType = sourcecode.swift; path = GetPICU.swift; sourceTree = "<group>"; };
		EF71EEFB26677324000F2278 /* GetCalenderList.swift */ = {isa = PBXFileReference; fileEncoding = 4; lastKnownFileType = sourcecode.swift; path = GetCalenderList.swift; sourceTree = "<group>"; };
		EF71EF0026677344000F2278 /* PICUTableViewCell.swift */ = {isa = PBXFileReference; fileEncoding = 4; lastKnownFileType = sourcecode.swift; path = PICUTableViewCell.swift; sourceTree = "<group>"; };
		EF71EF0126677344000F2278 /* SpecialTableViewCell.swift */ = {isa = PBXFileReference; fileEncoding = 4; lastKnownFileType = sourcecode.swift; path = SpecialTableViewCell.swift; sourceTree = "<group>"; };
		EF71EF0726677377000F2278 /* infoListModel.swift */ = {isa = PBXFileReference; fileEncoding = 4; lastKnownFileType = sourcecode.swift; path = infoListModel.swift; sourceTree = "<group>"; };
		EF71EF0A2667739D000F2278 /* SecondSectionModel.swift */ = {isa = PBXFileReference; fileEncoding = 4; lastKnownFileType = sourcecode.swift; path = SecondSectionModel.swift; sourceTree = "<group>"; };
		EF71EF0B2667739D000F2278 /* FirstSectionModel.swift */ = {isa = PBXFileReference; fileEncoding = 4; lastKnownFileType = sourcecode.swift; path = FirstSectionModel.swift; sourceTree = "<group>"; };
		EF71EF0C2667739D000F2278 /* ThirdSectionModel.swift */ = {isa = PBXFileReference; fileEncoding = 4; lastKnownFileType = sourcecode.swift; path = ThirdSectionModel.swift; sourceTree = "<group>"; };
		EF71EF10266773B2000F2278 /* notice.swift */ = {isa = PBXFileReference; fileEncoding = 4; lastKnownFileType = sourcecode.swift; path = notice.swift; sourceTree = "<group>"; };
		EF71EF11266773B2000F2278 /* GetNoticeList.swift */ = {isa = PBXFileReference; fileEncoding = 4; lastKnownFileType = sourcecode.swift; path = GetNoticeList.swift; sourceTree = "<group>"; };
		EF71EF12266773B3000F2278 /* noticeDetail.swift */ = {isa = PBXFileReference; fileEncoding = 4; lastKnownFileType = sourcecode.swift; path = noticeDetail.swift; sourceTree = "<group>"; };
		EF71EF13266773B3000F2278 /* GetNoticeDetail.swift */ = {isa = PBXFileReference; fileEncoding = 4; lastKnownFileType = sourcecode.swift; path = GetNoticeDetail.swift; sourceTree = "<group>"; };
		EF71EF18266773C3000F2278 /* HwListResponseT.swift */ = {isa = PBXFileReference; fileEncoding = 4; lastKnownFileType = sourcecode.swift; path = HwListResponseT.swift; sourceTree = "<group>"; };
		EF71EF19266773C3000F2278 /* GetUserList.swift */ = {isa = PBXFileReference; fileEncoding = 4; lastKnownFileType = sourcecode.swift; path = GetUserList.swift; sourceTree = "<group>"; };
		EF71EF1A266773C3000F2278 /* HwUser.swift */ = {isa = PBXFileReference; fileEncoding = 4; lastKnownFileType = sourcecode.swift; path = HwUser.swift; sourceTree = "<group>"; };
		EF71EF1B266773C3000F2278 /* HwContent.swift */ = {isa = PBXFileReference; fileEncoding = 4; lastKnownFileType = sourcecode.swift; path = HwContent.swift; sourceTree = "<group>"; };
		EF71EF1C266773C3000F2278 /* HwListResponseS.swift */ = {isa = PBXFileReference; fileEncoding = 4; lastKnownFileType = sourcecode.swift; path = HwListResponseS.swift; sourceTree = "<group>"; };
		EF71EF222667741D000F2278 /* HTTPClient.swift */ = {isa = PBXFileReference; fileEncoding = 4; lastKnownFileType = sourcecode.swift; path = HTTPClient.swift; sourceTree = "<group>"; };
		EF71EF2726677441000F2278 /* DetailViewController.swift */ = {isa = PBXFileReference; fileEncoding = 4; lastKnownFileType = sourcecode.swift; path = DetailViewController.swift; sourceTree = "<group>"; };
		EF71EF2826677441000F2278 /* CalendarViewController.swift */ = {isa = PBXFileReference; fileEncoding = 4; lastKnownFileType = sourcecode.swift; path = CalendarViewController.swift; sourceTree = "<group>"; };
		EF71EF2B266774B2000F2278 /* Calendar2.storyboard */ = {isa = PBXFileReference; fileEncoding = 4; lastKnownFileType = file.storyboard; path = Calendar2.storyboard; sourceTree = "<group>"; };
		EF7BF66626959395003C519E /* GoogleService-Info-3.plist */ = {isa = PBXFileReference; fileEncoding = 4; lastKnownFileType = text.plist.xml; path = "GoogleService-Info-3.plist"; sourceTree = "<group>"; };
/* End PBXFileReference section */

/* Begin PBXFrameworksBuildPhase section */
		54B1B82E26661DC300EDEDAB /* Frameworks */ = {
			isa = PBXFrameworksBuildPhase;
			buildActionMask = 2147483647;
			files = (
				5C651BE9FDEAF9A30DE033A5 /* Pods_GRAMO.framework in Frameworks */,
			);
			runOnlyForDeploymentPostprocessing = 0;
		};
/* End PBXFrameworksBuildPhase section */

/* Begin PBXGroup section */
		544DA18426723FD600DE3C8D /* AuthModel */ = {
			isa = PBXGroup;
			children = (
				544DA1852672401400DE3C8D /* SignIn.swift */,
			);
			path = AuthModel;
			sourceTree = "<group>";
		};
		544DA1872672402E00DE3C8D /* Auth */ = {
			isa = PBXGroup;
			children = (
				544DA1882672440900DE3C8D /* SignInViewController.swift */,
				544DA18A26724E5000DE3C8D /* SignUpViewController.swift */,
			);
			path = Auth;
			sourceTree = "<group>";
		};
		544DA82B2670AC7D00C6C302 /* CalendarModel */ = {
			isa = PBXGroup;
			children = (
				EF71EEFB26677324000F2278 /* GetCalenderList.swift */,
				EF71EEFA26677324000F2278 /* GetPICU.swift */,
				EF71EEF926677324000F2278 /* GetPlan.swift */,
			);
			path = CalendarModel;
			sourceTree = "<group>";
		};
		5477A842266A1094009064C7 /* API */ = {
			isa = PBXGroup;
			children = (
				5477A843266A10A5009064C7 /* APIProvider.swift */,
				5477A845266A10BF009064C7 /* AuthAPI.swift */,
				5477A847266A120F009064C7 /* CalendarAPI.swift */,
				5477A849266A126C009064C7 /* NoticeAPI.swift */,
				5477A84B266A1465009064C7 /* HomeworkAPI.swift */,
			);
			path = API;
			sourceTree = "<group>";
		};
		5477A84D266A14BF009064C7 /* Header */ = {
			isa = PBXGroup;
			children = (
				5477A84E266A1532009064C7 /* Headers.swift */,
			);
			path = Header;
			sourceTree = "<group>";
		};
		54B1B82826661DC300EDEDAB = {
			isa = PBXGroup;
			children = (
				54B1B83326661DC300EDEDAB /* GRAMO */,
				54B1B83226661DC300EDEDAB /* Products */,
				8546423A3AC226F02537368F /* Pods */,
				63E9C0686D8715A73ACB0780 /* Frameworks */,
			);
			sourceTree = "<group>";
		};
		54B1B83226661DC300EDEDAB /* Products */ = {
			isa = PBXGroup;
			children = (
				54B1B83126661DC300EDEDAB /* GRAMO.app */,
			);
			name = Products;
			sourceTree = "<group>";
		};
		54B1B83326661DC300EDEDAB /* GRAMO */ = {
			isa = PBXGroup;
			children = (
				EF71EEFF2667732F000F2278 /* Cell */,
				EF71EEF726677309000F2278 /* Model */,
				EF71EEF6266772FC000F2278 /* Networking */,
				EF71EED526676B5E000F2278 /* VC */,
				EF71EED026676B3A000F2278 /* UI */,
				54B1B83426661DC300EDEDAB /* AppDelegate.swift */,
				54B1B83626661DC300EDEDAB /* SceneDelegate.swift */,
				54B1B83D26661DC500EDEDAB /* Assets.xcassets */,
				54B1B83F26661DC500EDEDAB /* LaunchScreen.storyboard */,
				54BD212A2666246200464EEE /* NotoSansKR-Black.otf */,
				54BD21292666246200464EEE /* NotoSansKR-Bold.otf */,
				54BD21252666246100464EEE /* NotoSansKR-Light.otf */,
				54BD21262666246100464EEE /* NotoSansKR-Medium.otf */,
				54BD21272666246200464EEE /* NotoSansKR-Regular.otf */,
				54BD21282666246200464EEE /* NotoSansKR-Thin.otf */,
				54B1B84226661DC500EDEDAB /* Info.plist */,
				EF7BF66626959395003C519E /* GoogleService-Info-3.plist */,
			);
			path = GRAMO;
			sourceTree = "<group>";
		};
		63E9C0686D8715A73ACB0780 /* Frameworks */ = {
			isa = PBXGroup;
			children = (
				BCE7674852D761097D82515C /* Pods_GRAMO.framework */,
			);
			name = Frameworks;
			sourceTree = "<group>";
		};
		8546423A3AC226F02537368F /* Pods */ = {
			isa = PBXGroup;
			children = (
				B973AABB18E56EA3106437C3 /* Pods-GRAMO.debug.xcconfig */,
				4839AD9BA6790E84B5F90CB3 /* Pods-GRAMO.release.xcconfig */,
			);
			path = Pods;
			sourceTree = "<group>";
		};
		EF71EED026676B3A000F2278 /* UI */ = {
			isa = PBXGroup;
			children = (
				544DA18C267285E200DE3C8D /* Auth.storyboard */,
				EF71EF2B266774B2000F2278 /* Calendar2.storyboard */,
				EF71EED226676B57000F2278 /* homework.storyboard */,
				EF71EED126676B57000F2278 /* info.storyboard */,
			);
			path = UI;
			sourceTree = "<group>";
		};
		EF71EED526676B5E000F2278 /* VC */ = {
			isa = PBXGroup;
			children = (
				544DA1872672402E00DE3C8D /* Auth */,
				EF71EF262667742F000F2278 /* Calendar */,
				EF71EED826676BAD000F2278 /* info */,
				EF71EED726676BA3000F2278 /* SideMenu */,
				EF71EED626676B96000F2278 /* homework */,
				EF71EEF426676C1C000F2278 /* UIextiention.swift */,
			);
			path = VC;
			sourceTree = "<group>";
		};
		EF71EED626676B96000F2278 /* homework */ = {
			isa = PBXGroup;
			children = (
				EF71EEDC26676BD3000F2278 /* HomeworkAddViewController.swift */,
				EF71EEDD26676BD3000F2278 /* HomeworkAssignedViewController.swift */,
				EF71EEDB26676BD3000F2278 /* HomeworkListViewController.swift */,
				EF71EEDA26676BD3000F2278 /* HomeworkOrderedViewController.swift */,
				EF71EED926676BC1000F2278 /* TableView */,
			);
			path = homework;
			sourceTree = "<group>";
		};
		EF71EED726676BA3000F2278 /* SideMenu */ = {
			isa = PBXGroup;
			children = (
				EF71EEE826676BFA000F2278 /* SideMenuNavigationController.swift */,
				EF71EEE926676BFA000F2278 /* SideMenuViewController.swift */,
			);
			path = SideMenu;
			sourceTree = "<group>";
		};
		EF71EED826676BAD000F2278 /* info */ = {
			isa = PBXGroup;
			children = (
				EF71EEEF26676C10000F2278 /* InfoAddViewController.swift */,
				EF71EEEC26676C10000F2278 /* InfoDetailViewController.swift */,
				EF71EEED26676C10000F2278 /* InfoListViewController.swift */,
				EF71EEEE26676C10000F2278 /* infoTableViewCell.swift */,
			);
			path = info;
			sourceTree = "<group>";
		};
		EF71EED926676BC1000F2278 /* TableView */ = {
			isa = PBXGroup;
			children = (
				EF71EEE426676BDD000F2278 /* FirstSectionTableViewCell.swift */,
				EF71EEE226676BDD000F2278 /* SecondSectionTableViewCell.swift */,
				EF71EEE326676BDD000F2278 /* ThirdSectionTableViewCell.swift */,
			);
			path = TableView;
			sourceTree = "<group>";
		};
		EF71EEF6266772FC000F2278 /* Networking */ = {
			isa = PBXGroup;
			children = (
				5477A84D266A14BF009064C7 /* Header */,
				5477A842266A1094009064C7 /* API */,
				EF71EF222667741D000F2278 /* HTTPClient.swift */,
			);
			path = Networking;
			sourceTree = "<group>";
		};
		EF71EEF726677309000F2278 /* Model */ = {
			isa = PBXGroup;
			children = (
				EF71EF0726677377000F2278 /* infoListModel.swift */,
				544DA18426723FD600DE3C8D /* AuthModel */,
				544DA82B2670AC7D00C6C302 /* CalendarModel */,
				EF71EF0626677365000F2278 /* HomeworkModel */,
				EF71EF052667735F000F2278 /* Notice */,
				EF71EF0426677354000F2278 /* NetworkingModel */,
			);
			path = Model;
			sourceTree = "<group>";
		};
		EF71EEFF2667732F000F2278 /* Cell */ = {
			isa = PBXGroup;
			children = (
				EF71EF0026677344000F2278 /* PICUTableViewCell.swift */,
				EF71EF0126677344000F2278 /* SpecialTableViewCell.swift */,
			);
			path = Cell;
			sourceTree = "<group>";
		};
		EF71EF0426677354000F2278 /* NetworkingModel */ = {
			isa = PBXGroup;
			children = (
				EF71EF19266773C3000F2278 /* GetUserList.swift */,
				EF71EF1B266773C3000F2278 /* HwContent.swift */,
				EF71EF1C266773C3000F2278 /* HwListResponseS.swift */,
				EF71EF18266773C3000F2278 /* HwListResponseT.swift */,
				EF71EF1A266773C3000F2278 /* HwUser.swift */,
			);
			path = NetworkingModel;
			sourceTree = "<group>";
		};
		EF71EF052667735F000F2278 /* Notice */ = {
			isa = PBXGroup;
			children = (
				EF71EF13266773B3000F2278 /* GetNoticeDetail.swift */,
				EF71EF11266773B2000F2278 /* GetNoticeList.swift */,
				EF71EF10266773B2000F2278 /* notice.swift */,
				EF71EF12266773B3000F2278 /* noticeDetail.swift */,
			);
			path = Notice;
			sourceTree = "<group>";
		};
		EF71EF0626677365000F2278 /* HomeworkModel */ = {
			isa = PBXGroup;
			children = (
				EF71EF0926677382000F2278 /* CustomTableViewCell */,
			);
			path = HomeworkModel;
			sourceTree = "<group>";
		};
		EF71EF0926677382000F2278 /* CustomTableViewCell */ = {
			isa = PBXGroup;
			children = (
				EF71EF0B2667739D000F2278 /* FirstSectionModel.swift */,
				EF71EF0A2667739D000F2278 /* SecondSectionModel.swift */,
				EF71EF0C2667739D000F2278 /* ThirdSectionModel.swift */,
			);
			path = CustomTableViewCell;
			sourceTree = "<group>";
		};
		EF71EF262667742F000F2278 /* Calendar */ = {
			isa = PBXGroup;
			children = (
				EF71EF2826677441000F2278 /* CalendarViewController.swift */,
				EF71EF2726677441000F2278 /* DetailViewController.swift */,
			);
			path = Calendar;
			sourceTree = "<group>";
		};
/* End PBXGroup section */

/* Begin PBXNativeTarget section */
		54B1B83026661DC300EDEDAB /* GRAMO */ = {
			isa = PBXNativeTarget;
			buildConfigurationList = 54B1B84526661DC500EDEDAB /* Build configuration list for PBXNativeTarget "GRAMO" */;
			buildPhases = (
				062479BC318BF719A7F7F0F6 /* [CP] Check Pods Manifest.lock */,
				54B1B82D26661DC300EDEDAB /* Sources */,
				54B1B82E26661DC300EDEDAB /* Frameworks */,
				54B1B82F26661DC300EDEDAB /* Resources */,
				5DFA7CC8361A1357EC6E6721 /* [CP] Embed Pods Frameworks */,
			);
			buildRules = (
			);
			dependencies = (
			);
			name = GRAMO;
			productName = GRAMO;
			productReference = 54B1B83126661DC300EDEDAB /* GRAMO.app */;
			productType = "com.apple.product-type.application";
		};
/* End PBXNativeTarget section */

/* Begin PBXProject section */
		54B1B82926661DC300EDEDAB /* Project object */ = {
			isa = PBXProject;
			attributes = {
				LastSwiftUpdateCheck = 1250;
				LastUpgradeCheck = 1250;
				TargetAttributes = {
					54B1B83026661DC300EDEDAB = {
						CreatedOnToolsVersion = 12.5;
					};
				};
			};
			buildConfigurationList = 54B1B82C26661DC300EDEDAB /* Build configuration list for PBXProject "GRAMO" */;
			compatibilityVersion = "Xcode 9.3";
			developmentRegion = en;
			hasScannedForEncodings = 0;
			knownRegions = (
				en,
				Base,
			);
			mainGroup = 54B1B82826661DC300EDEDAB;
			productRefGroup = 54B1B83226661DC300EDEDAB /* Products */;
			projectDirPath = "";
			projectRoot = "";
			targets = (
				54B1B83026661DC300EDEDAB /* GRAMO */,
			);
		};
/* End PBXProject section */

/* Begin PBXResourcesBuildPhase section */
		54B1B82F26661DC300EDEDAB /* Resources */ = {
			isa = PBXResourcesBuildPhase;
			buildActionMask = 2147483647;
			files = (
				54BD2130266624C200464EEE /* NotoSansKR-Thin.otf in Resources */,
				54B1B84126661DC500EDEDAB /* LaunchScreen.storyboard in Resources */,
				EF71EED326676B57000F2278 /* info.storyboard in Resources */,
				EF71EF2C266774B2000F2278 /* Calendar2.storyboard in Resources */,
				54B1B83E26661DC500EDEDAB /* Assets.xcassets in Resources */,
				EF7BF66726959395003C519E /* GoogleService-Info-3.plist in Resources */,
				EF71EED426676B57000F2278 /* homework.storyboard in Resources */,
				54BD212E266624BD00464EEE /* NotoSansKR-Medium.otf in Resources */,
				54BD212B266624B600464EEE /* NotoSansKR-Light.otf in Resources */,
				54BD212D266624BA00464EEE /* NotoSansKR-Black.otf in Resources */,
				544DA18D267285E200DE3C8D /* Auth.storyboard in Resources */,
				54BD212F266624BF00464EEE /* NotoSansKR-Regular.otf in Resources */,
				54BD212C266624B800464EEE /* NotoSansKR-Bold.otf in Resources */,
			);
			runOnlyForDeploymentPostprocessing = 0;
		};
/* End PBXResourcesBuildPhase section */

/* Begin PBXShellScriptBuildPhase section */
		062479BC318BF719A7F7F0F6 /* [CP] Check Pods Manifest.lock */ = {
			isa = PBXShellScriptBuildPhase;
			buildActionMask = 2147483647;
			files = (
			);
			inputFileListPaths = (
			);
			inputPaths = (
				"${PODS_PODFILE_DIR_PATH}/Podfile.lock",
				"${PODS_ROOT}/Manifest.lock",
			);
			name = "[CP] Check Pods Manifest.lock";
			outputFileListPaths = (
			);
			outputPaths = (
				"$(DERIVED_FILE_DIR)/Pods-GRAMO-checkManifestLockResult.txt",
			);
			runOnlyForDeploymentPostprocessing = 0;
			shellPath = /bin/sh;
			shellScript = "diff \"${PODS_PODFILE_DIR_PATH}/Podfile.lock\" \"${PODS_ROOT}/Manifest.lock\" > /dev/null\nif [ $? != 0 ] ; then\n    # print error to STDERR\n    echo \"error: The sandbox is not in sync with the Podfile.lock. Run 'pod install' or update your CocoaPods installation.\" >&2\n    exit 1\nfi\n# This output is used by Xcode 'outputs' to avoid re-running this script phase.\necho \"SUCCESS\" > \"${SCRIPT_OUTPUT_FILE_0}\"\n";
			showEnvVarsInLog = 0;
		};
		5DFA7CC8361A1357EC6E6721 /* [CP] Embed Pods Frameworks */ = {
			isa = PBXShellScriptBuildPhase;
			buildActionMask = 2147483647;
			files = (
			);
			inputFileListPaths = (
				"${PODS_ROOT}/Target Support Files/Pods-GRAMO/Pods-GRAMO-frameworks-${CONFIGURATION}-input-files.xcfilelist",
			);
			name = "[CP] Embed Pods Frameworks";
			outputFileListPaths = (
				"${PODS_ROOT}/Target Support Files/Pods-GRAMO/Pods-GRAMO-frameworks-${CONFIGURATION}-output-files.xcfilelist",
			);
			runOnlyForDeploymentPostprocessing = 0;
			shellPath = /bin/sh;
			shellScript = "\"${PODS_ROOT}/Target Support Files/Pods-GRAMO/Pods-GRAMO-frameworks.sh\"\n";
			showEnvVarsInLog = 0;
		};
/* End PBXShellScriptBuildPhase section */

/* Begin PBXSourcesBuildPhase section */
		54B1B82D26661DC300EDEDAB /* Sources */ = {
			isa = PBXSourcesBuildPhase;
			buildActionMask = 2147483647;
			files = (
				5477A846266A10BF009064C7 /* AuthAPI.swift in Sources */,
				EF71EEDF26676BD3000F2278 /* HomeworkListViewController.swift in Sources */,
				EF71EF0E2667739D000F2278 /* FirstSectionModel.swift in Sources */,
				EF71EF0826677377000F2278 /* infoListModel.swift in Sources */,
				EF71EF15266773B3000F2278 /* GetNoticeList.swift in Sources */,
				EF71EEF126676C10000F2278 /* InfoListViewController.swift in Sources */,
				EF71EEE726676BDD000F2278 /* FirstSectionTableViewCell.swift in Sources */,
				EF71EF1E266773C3000F2278 /* GetUserList.swift in Sources */,
				EF71EEF526676C1C000F2278 /* UIextiention.swift in Sources */,
				EF71EEFC26677324000F2278 /* GetPlan.swift in Sources */,
				544DA1862672401400DE3C8D /* SignIn.swift in Sources */,
				EF71EEE026676BD3000F2278 /* HomeworkAddViewController.swift in Sources */,
				EF71EF21266773C3000F2278 /* HwListResponseS.swift in Sources */,
				EF71EF16266773B3000F2278 /* noticeDetail.swift in Sources */,
				EF71EF1D266773C3000F2278 /* HwListResponseT.swift in Sources */,
				EF71EF242667741D000F2278 /* HTTPClient.swift in Sources */,
				EF71EF14266773B3000F2278 /* notice.swift in Sources */,
				EF71EEEB26676BFA000F2278 /* SideMenuViewController.swift in Sources */,
				5477A844266A10A5009064C7 /* APIProvider.swift in Sources */,
				EF71EF2A26677441000F2278 /* CalendarViewController.swift in Sources */,
				5477A84F266A1532009064C7 /* Headers.swift in Sources */,
				EF71EF17266773B3000F2278 /* GetNoticeDetail.swift in Sources */,
				EF71EEEA26676BFA000F2278 /* SideMenuNavigationController.swift in Sources */,
				54B1B83526661DC300EDEDAB /* AppDelegate.swift in Sources */,
				EF71EEFE26677324000F2278 /* GetCalenderList.swift in Sources */,
				EF71EF0326677344000F2278 /* SpecialTableViewCell.swift in Sources */,
				EF71EF0D2667739D000F2278 /* SecondSectionModel.swift in Sources */,
				EF71EF1F266773C3000F2278 /* HwUser.swift in Sources */,
				EF71EEF026676C10000F2278 /* InfoDetailViewController.swift in Sources */,
				EF71EEDE26676BD3000F2278 /* HomeworkOrderedViewController.swift in Sources */,
				544DA1892672440900DE3C8D /* SignInViewController.swift in Sources */,
				EF71EEF326676C10000F2278 /* InfoAddViewController.swift in Sources */,
				5477A84C266A1465009064C7 /* HomeworkAPI.swift in Sources */,
				EF71EEE126676BD3000F2278 /* HomeworkAssignedViewController.swift in Sources */,
				EF71EF2926677441000F2278 /* DetailViewController.swift in Sources */,
				EF71EEE526676BDD000F2278 /* SecondSectionTableViewCell.swift in Sources */,
				EF71EEFD26677324000F2278 /* GetPICU.swift in Sources */,
				5477A848266A120F009064C7 /* CalendarAPI.swift in Sources */,
				544DA18B26724E5000DE3C8D /* SignUpViewController.swift in Sources */,
				EF71EF0F2667739D000F2278 /* ThirdSectionModel.swift in Sources */,
				EF71EF0226677344000F2278 /* PICUTableViewCell.swift in Sources */,
				5477A84A266A126C009064C7 /* NoticeAPI.swift in Sources */,
				EF71EEE626676BDD000F2278 /* ThirdSectionTableViewCell.swift in Sources */,
				54B1B83726661DC300EDEDAB /* SceneDelegate.swift in Sources */,
				EF71EF20266773C3000F2278 /* HwContent.swift in Sources */,
				EF71EEF226676C10000F2278 /* infoTableViewCell.swift in Sources */,
			);
			runOnlyForDeploymentPostprocessing = 0;
		};
/* End PBXSourcesBuildPhase section */

/* Begin PBXVariantGroup section */
		54B1B83F26661DC500EDEDAB /* LaunchScreen.storyboard */ = {
			isa = PBXVariantGroup;
			children = (
				54B1B84026661DC500EDEDAB /* Base */,
			);
			name = LaunchScreen.storyboard;
			sourceTree = "<group>";
		};
/* End PBXVariantGroup section */

/* Begin XCBuildConfiguration section */
		54B1B84326661DC500EDEDAB /* Debug */ = {
			isa = XCBuildConfiguration;
			buildSettings = {
				ALWAYS_SEARCH_USER_PATHS = NO;
				CLANG_ANALYZER_NONNULL = YES;
				CLANG_ANALYZER_NUMBER_OBJECT_CONVERSION = YES_AGGRESSIVE;
				CLANG_CXX_LANGUAGE_STANDARD = "gnu++14";
				CLANG_CXX_LIBRARY = "libc++";
				CLANG_ENABLE_MODULES = YES;
				CLANG_ENABLE_OBJC_ARC = YES;
				CLANG_ENABLE_OBJC_WEAK = YES;
				CLANG_WARN_BLOCK_CAPTURE_AUTORELEASING = YES;
				CLANG_WARN_BOOL_CONVERSION = YES;
				CLANG_WARN_COMMA = YES;
				CLANG_WARN_CONSTANT_CONVERSION = YES;
				CLANG_WARN_DEPRECATED_OBJC_IMPLEMENTATIONS = YES;
				CLANG_WARN_DIRECT_OBJC_ISA_USAGE = YES_ERROR;
				CLANG_WARN_DOCUMENTATION_COMMENTS = YES;
				CLANG_WARN_EMPTY_BODY = YES;
				CLANG_WARN_ENUM_CONVERSION = YES;
				CLANG_WARN_INFINITE_RECURSION = YES;
				CLANG_WARN_INT_CONVERSION = YES;
				CLANG_WARN_NON_LITERAL_NULL_CONVERSION = YES;
				CLANG_WARN_OBJC_IMPLICIT_RETAIN_SELF = YES;
				CLANG_WARN_OBJC_LITERAL_CONVERSION = YES;
				CLANG_WARN_OBJC_ROOT_CLASS = YES_ERROR;
				CLANG_WARN_QUOTED_INCLUDE_IN_FRAMEWORK_HEADER = YES;
				CLANG_WARN_RANGE_LOOP_ANALYSIS = YES;
				CLANG_WARN_STRICT_PROTOTYPES = YES;
				CLANG_WARN_SUSPICIOUS_MOVE = YES;
				CLANG_WARN_UNGUARDED_AVAILABILITY = YES_AGGRESSIVE;
				CLANG_WARN_UNREACHABLE_CODE = YES;
				CLANG_WARN__DUPLICATE_METHOD_MATCH = YES;
				COPY_PHASE_STRIP = NO;
				DEBUG_INFORMATION_FORMAT = dwarf;
				ENABLE_STRICT_OBJC_MSGSEND = YES;
				ENABLE_TESTABILITY = YES;
				GCC_C_LANGUAGE_STANDARD = gnu11;
				GCC_DYNAMIC_NO_PIC = NO;
				GCC_NO_COMMON_BLOCKS = YES;
				GCC_OPTIMIZATION_LEVEL = 0;
				GCC_PREPROCESSOR_DEFINITIONS = (
					"DEBUG=1",
					"$(inherited)",
				);
				GCC_WARN_64_TO_32_BIT_CONVERSION = YES;
				GCC_WARN_ABOUT_RETURN_TYPE = YES_ERROR;
				GCC_WARN_UNDECLARED_SELECTOR = YES;
				GCC_WARN_UNINITIALIZED_AUTOS = YES_AGGRESSIVE;
				GCC_WARN_UNUSED_FUNCTION = YES;
				GCC_WARN_UNUSED_VARIABLE = YES;
				IPHONEOS_DEPLOYMENT_TARGET = 14.5;
				MTL_ENABLE_DEBUG_INFO = INCLUDE_SOURCE;
				MTL_FAST_MATH = YES;
				ONLY_ACTIVE_ARCH = YES;
				SDKROOT = iphoneos;
				SWIFT_ACTIVE_COMPILATION_CONDITIONS = DEBUG;
				SWIFT_OPTIMIZATION_LEVEL = "-Onone";
			};
			name = Debug;
		};
		54B1B84426661DC500EDEDAB /* Release */ = {
			isa = XCBuildConfiguration;
			buildSettings = {
				ALWAYS_SEARCH_USER_PATHS = NO;
				CLANG_ANALYZER_NONNULL = YES;
				CLANG_ANALYZER_NUMBER_OBJECT_CONVERSION = YES_AGGRESSIVE;
				CLANG_CXX_LANGUAGE_STANDARD = "gnu++14";
				CLANG_CXX_LIBRARY = "libc++";
				CLANG_ENABLE_MODULES = YES;
				CLANG_ENABLE_OBJC_ARC = YES;
				CLANG_ENABLE_OBJC_WEAK = YES;
				CLANG_WARN_BLOCK_CAPTURE_AUTORELEASING = YES;
				CLANG_WARN_BOOL_CONVERSION = YES;
				CLANG_WARN_COMMA = YES;
				CLANG_WARN_CONSTANT_CONVERSION = YES;
				CLANG_WARN_DEPRECATED_OBJC_IMPLEMENTATIONS = YES;
				CLANG_WARN_DIRECT_OBJC_ISA_USAGE = YES_ERROR;
				CLANG_WARN_DOCUMENTATION_COMMENTS = YES;
				CLANG_WARN_EMPTY_BODY = YES;
				CLANG_WARN_ENUM_CONVERSION = YES;
				CLANG_WARN_INFINITE_RECURSION = YES;
				CLANG_WARN_INT_CONVERSION = YES;
				CLANG_WARN_NON_LITERAL_NULL_CONVERSION = YES;
				CLANG_WARN_OBJC_IMPLICIT_RETAIN_SELF = YES;
				CLANG_WARN_OBJC_LITERAL_CONVERSION = YES;
				CLANG_WARN_OBJC_ROOT_CLASS = YES_ERROR;
				CLANG_WARN_QUOTED_INCLUDE_IN_FRAMEWORK_HEADER = YES;
				CLANG_WARN_RANGE_LOOP_ANALYSIS = YES;
				CLANG_WARN_STRICT_PROTOTYPES = YES;
				CLANG_WARN_SUSPICIOUS_MOVE = YES;
				CLANG_WARN_UNGUARDED_AVAILABILITY = YES_AGGRESSIVE;
				CLANG_WARN_UNREACHABLE_CODE = YES;
				CLANG_WARN__DUPLICATE_METHOD_MATCH = YES;
				COPY_PHASE_STRIP = NO;
				DEBUG_INFORMATION_FORMAT = "dwarf-with-dsym";
				ENABLE_NS_ASSERTIONS = NO;
				ENABLE_STRICT_OBJC_MSGSEND = YES;
				GCC_C_LANGUAGE_STANDARD = gnu11;
				GCC_NO_COMMON_BLOCKS = YES;
				GCC_WARN_64_TO_32_BIT_CONVERSION = YES;
				GCC_WARN_ABOUT_RETURN_TYPE = YES_ERROR;
				GCC_WARN_UNDECLARED_SELECTOR = YES;
				GCC_WARN_UNINITIALIZED_AUTOS = YES_AGGRESSIVE;
				GCC_WARN_UNUSED_FUNCTION = YES;
				GCC_WARN_UNUSED_VARIABLE = YES;
				IPHONEOS_DEPLOYMENT_TARGET = 14.5;
				MTL_ENABLE_DEBUG_INFO = NO;
				MTL_FAST_MATH = YES;
				SDKROOT = iphoneos;
				SWIFT_COMPILATION_MODE = wholemodule;
				SWIFT_OPTIMIZATION_LEVEL = "-O";
				VALIDATE_PRODUCT = YES;
			};
			name = Release;
		};
		54B1B84626661DC500EDEDAB /* Debug */ = {
			isa = XCBuildConfiguration;
			baseConfigurationReference = B973AABB18E56EA3106437C3 /* Pods-GRAMO.debug.xcconfig */;
			buildSettings = {
				ASSETCATALOG_COMPILER_APPICON_NAME = AppIcon;
				ASSETCATALOG_COMPILER_GLOBAL_ACCENT_COLOR_NAME = AccentColor;
				CODE_SIGN_STYLE = Automatic;
				DEVELOPMENT_TEAM = FSLGTDRXYN;
				INFOPLIST_FILE = GRAMO/Info.plist;
				LD_RUNPATH_SEARCH_PATHS = (
					"$(inherited)",
					"@executable_path/Frameworks",
				);
				PRODUCT_BUNDLE_IDENTIFIER = com.GRAM.GRAMO.GRAMO;
				PRODUCT_NAME = "$(TARGET_NAME)";
				SWIFT_VERSION = 5.0;
				TARGETED_DEVICE_FAMILY = "1,2";
			};
			name = Debug;
		};
		54B1B84726661DC500EDEDAB /* Release */ = {
			isa = XCBuildConfiguration;
			baseConfigurationReference = 4839AD9BA6790E84B5F90CB3 /* Pods-GRAMO.release.xcconfig */;
			buildSettings = {
				ASSETCATALOG_COMPILER_APPICON_NAME = AppIcon;
				ASSETCATALOG_COMPILER_GLOBAL_ACCENT_COLOR_NAME = AccentColor;
				CODE_SIGN_STYLE = Automatic;
				DEVELOPMENT_TEAM = FSLGTDRXYN;
				INFOPLIST_FILE = GRAMO/Info.plist;
				LD_RUNPATH_SEARCH_PATHS = (
					"$(inherited)",
					"@executable_path/Frameworks",
				);
				PRODUCT_BUNDLE_IDENTIFIER = com.GRAM.GRAMO.GRAMO;
				PRODUCT_NAME = "$(TARGET_NAME)";
				SWIFT_VERSION = 5.0;
				TARGETED_DEVICE_FAMILY = "1,2";
			};
			name = Release;
		};
/* End XCBuildConfiguration section */

/* Begin XCConfigurationList section */
		54B1B82C26661DC300EDEDAB /* Build configuration list for PBXProject "GRAMO" */ = {
			isa = XCConfigurationList;
			buildConfigurations = (
				54B1B84326661DC500EDEDAB /* Debug */,
				54B1B84426661DC500EDEDAB /* Release */,
			);
			defaultConfigurationIsVisible = 0;
			defaultConfigurationName = Release;
		};
		54B1B84526661DC500EDEDAB /* Build configuration list for PBXNativeTarget "GRAMO" */ = {
			isa = XCConfigurationList;
			buildConfigurations = (
				54B1B84626661DC500EDEDAB /* Debug */,
				54B1B84726661DC500EDEDAB /* Release */,
			);
			defaultConfigurationIsVisible = 0;
			defaultConfigurationName = Release;
		};
/* End XCConfigurationList section */
	};
	rootObject = 54B1B82926661DC300EDEDAB /* Project object */;
}
