// !$*UTF8*$!
{
	archiveVersion = 1;
	classes = {
	};
	objectVersion = 51;
	objects = {

/* Begin PBXBuildFile section */
		542603762626D8F0008AE0B8 /* GetPICU.swift in Sources */ = {isa = PBXBuildFile; fileRef = 542603752626D8F0008AE0B8 /* GetPICU.swift */; };
		546EFCDF26258694001EC9CB /* GetPlan.swift in Sources */ = {isa = PBXBuildFile; fileRef = 546EFCDE26258694001EC9CB /* GetPlan.swift */; };
		546EFCE226258883001EC9CB /* GetCalenderList.swift in Sources */ = {isa = PBXBuildFile; fileRef = 546EFCE126258883001EC9CB /* GetCalenderList.swift */; };
		546F625025F8D04A006DE88A /* Calendar2.storyboard in Resources */ = {isa = PBXBuildFile; fileRef = 546F624F25F8D04A006DE88A /* Calendar2.storyboard */; };
		546F625325F8D142006DE88A /* Calendar2VC.swift in Sources */ = {isa = PBXBuildFile; fileRef = 546F625225F8D142006DE88A /* Calendar2VC.swift */; };
		548F4BB92611DB8D00A93433 /* PICUTableViewCell.swift in Sources */ = {isa = PBXBuildFile; fileRef = 548F4BB82611DB8D00A93433 /* PICUTableViewCell.swift */; };
		54BCBF4C26036B8200B44447 /* DetailViewController.swift in Sources */ = {isa = PBXBuildFile; fileRef = 54BCBF4B26036B8200B44447 /* DetailViewController.swift */; };
		54FE42C9261C2E00004C5D9B /* SpecialTableViewCell.swift in Sources */ = {isa = PBXBuildFile; fileRef = 54FE42C8261C2E00004C5D9B /* SpecialTableViewCell.swift */; };
		B322413D00D974EC60F376D7 /* Pods_GRAMO.framework in Frameworks */ = {isa = PBXBuildFile; fileRef = B5D66CC17C52A252FDA7378D /* Pods_GRAMO.framework */; };
		EF4416C725E942ED0074F6FC /* HTTPClient.swift in Sources */ = {isa = PBXBuildFile; fileRef = EF4416C625E942ED0074F6FC /* HTTPClient.swift */; };
		EF4416CA25E942F30074F6FC /* Networking.swift in Sources */ = {isa = PBXBuildFile; fileRef = EF4416C925E942F30074F6FC /* Networking.swift */; };
		EF766C7025CA8E7800DECE25 /* TestNetworking.swift in Sources */ = {isa = PBXBuildFile; fileRef = EF766C6F25CA8E7800DECE25 /* TestNetworking.swift */; };
		EF766C7925CA8F6A00DECE25 /* NotoSansKR-Black.otf in Resources */ = {isa = PBXBuildFile; fileRef = EF766C7525CA8F5D00DECE25 /* NotoSansKR-Black.otf */; };
		EF766C7B25CA8F6D00DECE25 /* NotoSansKR-Bold.otf in Resources */ = {isa = PBXBuildFile; fileRef = EF766C7425CA8F5D00DECE25 /* NotoSansKR-Bold.otf */; };
		EF766C7D25CA8F7000DECE25 /* NotoSansKR-Light.otf in Resources */ = {isa = PBXBuildFile; fileRef = EF766C7725CA8F5D00DECE25 /* NotoSansKR-Light.otf */; };
		EF766C7F25CA8F7200DECE25 /* NotoSansKR-Medium.otf in Resources */ = {isa = PBXBuildFile; fileRef = EF766C7625CA8F5D00DECE25 /* NotoSansKR-Medium.otf */; };
		EF766C8125CA8F7500DECE25 /* NotoSansKR-Regular.otf in Resources */ = {isa = PBXBuildFile; fileRef = EF766C7325CA8F5D00DECE25 /* NotoSansKR-Regular.otf */; };
		EF766C8325CA8F7800DECE25 /* NotoSansKR-Thin.otf in Resources */ = {isa = PBXBuildFile; fileRef = EF766C7825CA8F5D00DECE25 /* NotoSansKR-Thin.otf */; };
		EFABF72025CA8C1800E69CC4 /* AppDelegate.swift in Sources */ = {isa = PBXBuildFile; fileRef = EFABF71F25CA8C1800E69CC4 /* AppDelegate.swift */; };
		EFABF72425CA8C1800E69CC4 /* ViewController.swift in Sources */ = {isa = PBXBuildFile; fileRef = EFABF72325CA8C1800E69CC4 /* ViewController.swift */; };
		EFABF72725CA8C1800E69CC4 /* Main.storyboard in Resources */ = {isa = PBXBuildFile; fileRef = EFABF72525CA8C1800E69CC4 /* Main.storyboard */; };
		EFABF72925CA8C1900E69CC4 /* Assets.xcassets in Resources */ = {isa = PBXBuildFile; fileRef = EFABF72825CA8C1900E69CC4 /* Assets.xcassets */; };
		EFABF72C25CA8C1900E69CC4 /* LaunchScreen.storyboard in Resources */ = {isa = PBXBuildFile; fileRef = EFABF72A25CA8C1900E69CC4 /* LaunchScreen.storyboard */; };
/* End PBXBuildFile section */

/* Begin PBXFileReference section */
		542603752626D8F0008AE0B8 /* GetPICU.swift */ = {isa = PBXFileReference; lastKnownFileType = sourcecode.swift; path = GetPICU.swift; sourceTree = "<group>"; };
		5428120E260B52EF00870F94 /* Roboto-Medium.ttf */ = {isa = PBXFileReference; lastKnownFileType = file; path = "Roboto-Medium.ttf"; sourceTree = "<group>"; };
		546EFCDE26258694001EC9CB /* GetPlan.swift */ = {isa = PBXFileReference; lastKnownFileType = sourcecode.swift; path = GetPlan.swift; sourceTree = "<group>"; };
		546EFCE126258883001EC9CB /* GetCalenderList.swift */ = {isa = PBXFileReference; lastKnownFileType = sourcecode.swift; path = GetCalenderList.swift; sourceTree = "<group>"; };
		546F624F25F8D04A006DE88A /* Calendar2.storyboard */ = {isa = PBXFileReference; lastKnownFileType = file.storyboard; path = Calendar2.storyboard; sourceTree = "<group>"; };
		546F625225F8D142006DE88A /* Calendar2VC.swift */ = {isa = PBXFileReference; lastKnownFileType = sourcecode.swift; path = Calendar2VC.swift; sourceTree = "<group>"; };
		548F4BB82611DB8D00A93433 /* PICUTableViewCell.swift */ = {isa = PBXFileReference; lastKnownFileType = sourcecode.swift; path = PICUTableViewCell.swift; sourceTree = "<group>"; };
		54BCBF4B26036B8200B44447 /* DetailViewController.swift */ = {isa = PBXFileReference; lastKnownFileType = sourcecode.swift; path = DetailViewController.swift; sourceTree = "<group>"; };
		54FE42C8261C2E00004C5D9B /* SpecialTableViewCell.swift */ = {isa = PBXFileReference; lastKnownFileType = sourcecode.swift; path = SpecialTableViewCell.swift; sourceTree = "<group>"; };
		9A4F5BAE346346B91B6B2835 /* Pods-GRAMO.debug.xcconfig */ = {isa = PBXFileReference; includeInIndex = 1; lastKnownFileType = text.xcconfig; name = "Pods-GRAMO.debug.xcconfig"; path = "Target Support Files/Pods-GRAMO/Pods-GRAMO.debug.xcconfig"; sourceTree = "<group>"; };
		B5D66CC17C52A252FDA7378D /* Pods_GRAMO.framework */ = {isa = PBXFileReference; explicitFileType = wrapper.framework; includeInIndex = 0; path = Pods_GRAMO.framework; sourceTree = BUILT_PRODUCTS_DIR; };
		EF4416C625E942ED0074F6FC /* HTTPClient.swift */ = {isa = PBXFileReference; lastKnownFileType = sourcecode.swift; path = HTTPClient.swift; sourceTree = "<group>"; };
		EF4416C925E942F30074F6FC /* Networking.swift */ = {isa = PBXFileReference; lastKnownFileType = sourcecode.swift; path = Networking.swift; sourceTree = "<group>"; };
		EF766C6F25CA8E7800DECE25 /* TestNetworking.swift */ = {isa = PBXFileReference; lastKnownFileType = sourcecode.swift; path = TestNetworking.swift; sourceTree = "<group>"; };
		EF766C7325CA8F5D00DECE25 /* NotoSansKR-Regular.otf */ = {isa = PBXFileReference; lastKnownFileType = file; path = "NotoSansKR-Regular.otf"; sourceTree = "<group>"; };
		EF766C7425CA8F5D00DECE25 /* NotoSansKR-Bold.otf */ = {isa = PBXFileReference; lastKnownFileType = file; path = "NotoSansKR-Bold.otf"; sourceTree = "<group>"; };
		EF766C7525CA8F5D00DECE25 /* NotoSansKR-Black.otf */ = {isa = PBXFileReference; lastKnownFileType = file; path = "NotoSansKR-Black.otf"; sourceTree = "<group>"; };
		EF766C7625CA8F5D00DECE25 /* NotoSansKR-Medium.otf */ = {isa = PBXFileReference; lastKnownFileType = file; path = "NotoSansKR-Medium.otf"; sourceTree = "<group>"; };
		EF766C7725CA8F5D00DECE25 /* NotoSansKR-Light.otf */ = {isa = PBXFileReference; lastKnownFileType = file; path = "NotoSansKR-Light.otf"; sourceTree = "<group>"; };
		EF766C7825CA8F5D00DECE25 /* NotoSansKR-Thin.otf */ = {isa = PBXFileReference; lastKnownFileType = file; path = "NotoSansKR-Thin.otf"; sourceTree = "<group>"; };
		EFABF71C25CA8C1800E69CC4 /* GRAMO.app */ = {isa = PBXFileReference; explicitFileType = wrapper.application; includeInIndex = 0; path = GRAMO.app; sourceTree = BUILT_PRODUCTS_DIR; };
		EFABF71F25CA8C1800E69CC4 /* AppDelegate.swift */ = {isa = PBXFileReference; lastKnownFileType = sourcecode.swift; path = AppDelegate.swift; sourceTree = "<group>"; };
		EFABF72325CA8C1800E69CC4 /* ViewController.swift */ = {isa = PBXFileReference; lastKnownFileType = sourcecode.swift; path = ViewController.swift; sourceTree = "<group>"; };
		EFABF72625CA8C1800E69CC4 /* Base */ = {isa = PBXFileReference; lastKnownFileType = file.storyboard; name = Base; path = Base.lproj/Main.storyboard; sourceTree = "<group>"; };
		EFABF72825CA8C1900E69CC4 /* Assets.xcassets */ = {isa = PBXFileReference; lastKnownFileType = folder.assetcatalog; path = Assets.xcassets; sourceTree = "<group>"; };
		EFABF72B25CA8C1900E69CC4 /* Base */ = {isa = PBXFileReference; lastKnownFileType = file.storyboard; name = Base; path = Base.lproj/LaunchScreen.storyboard; sourceTree = "<group>"; };
		EFABF72D25CA8C1900E69CC4 /* Info.plist */ = {isa = PBXFileReference; lastKnownFileType = text.plist.xml; path = Info.plist; sourceTree = "<group>"; };
		F3A525CBC151FAC4B5AEACC8 /* Pods-GRAMO.release.xcconfig */ = {isa = PBXFileReference; includeInIndex = 1; lastKnownFileType = text.xcconfig; name = "Pods-GRAMO.release.xcconfig"; path = "Target Support Files/Pods-GRAMO/Pods-GRAMO.release.xcconfig"; sourceTree = "<group>"; };
/* End PBXFileReference section */

/* Begin PBXFrameworksBuildPhase section */
		EFABF71925CA8C1800E69CC4 /* Frameworks */ = {
			isa = PBXFrameworksBuildPhase;
			buildActionMask = 2147483647;
			files = (
				B322413D00D974EC60F376D7 /* Pods_GRAMO.framework in Frameworks */,
			);
			runOnlyForDeploymentPostprocessing = 0;
		};
/* End PBXFrameworksBuildPhase section */

/* Begin PBXGroup section */
		546EFCDD2625842C001EC9CB /* API */ = {
			isa = PBXGroup;
			children = (
				546EFCE126258883001EC9CB /* GetCalenderList.swift */,
				546EFCDE26258694001EC9CB /* GetPlan.swift */,
				542603752626D8F0008AE0B8 /* GetPICU.swift */,
			);
			path = API;
			sourceTree = "<group>";
		};
		5472443B261F0C28007C1F43 /* Calendar */ = {
			isa = PBXGroup;
			children = (
				546F625225F8D142006DE88A /* Calendar2VC.swift */,
				54BCBF4B26036B8200B44447 /* DetailViewController.swift */,
			);
			path = Calendar;
			sourceTree = "<group>";
		};
		548F4BBB2611DB9300A93433 /* Cell */ = {
			isa = PBXGroup;
			children = (
				548F4BB82611DB8D00A93433 /* PICUTableViewCell.swift */,
				54FE42C8261C2E00004C5D9B /* SpecialTableViewCell.swift */,
			);
			path = Cell;
			sourceTree = "<group>";
		};
		5C7A04D6A7943944DCEE033E /* Pods */ = {
			isa = PBXGroup;
			children = (
				9A4F5BAE346346B91B6B2835 /* Pods-GRAMO.debug.xcconfig */,
				F3A525CBC151FAC4B5AEACC8 /* Pods-GRAMO.release.xcconfig */,
			);
			path = Pods;
			sourceTree = "<group>";
		};
		6D70CAE5132F91EBC6A84930 /* Frameworks */ = {
			isa = PBXGroup;
			children = (
				B5D66CC17C52A252FDA7378D /* Pods_GRAMO.framework */,
			);
			name = Frameworks;
			sourceTree = "<group>";
		};
		EF766C6625CA8DF900DECE25 /* UI */ = {
			isa = PBXGroup;
			children = (
				EFABF72525CA8C1800E69CC4 /* Main.storyboard */,
				546F624F25F8D04A006DE88A /* Calendar2.storyboard */,
			);
			path = UI;
			sourceTree = "<group>";
		};
		EF766C6725CA8E0400DECE25 /* VC */ = {
			isa = PBXGroup;
			children = (
				EFABF72325CA8C1800E69CC4 /* ViewController.swift */,
				5472443B261F0C28007C1F43 /* Calendar */,
			);
			path = VC;
			sourceTree = "<group>";
		};
		EF766C6825CA8E0A00DECE25 /* Networking */ = {
			isa = PBXGroup;
			children = (
				EF766C6F25CA8E7800DECE25 /* TestNetworking.swift */,
				EF4416C625E942ED0074F6FC /* HTTPClient.swift */,
				EF4416C925E942F30074F6FC /* Networking.swift */,
			);
			path = Networking;
			sourceTree = "<group>";
		};
		EFABF71325CA8C1700E69CC4 = {
			isa = PBXGroup;
			children = (
				EFABF71E25CA8C1800E69CC4 /* GRAMO */,
				EFABF71D25CA8C1800E69CC4 /* Products */,
				5C7A04D6A7943944DCEE033E /* Pods */,
				6D70CAE5132F91EBC6A84930 /* Frameworks */,
			);
			sourceTree = "<group>";
		};
		EFABF71D25CA8C1800E69CC4 /* Products */ = {
			isa = PBXGroup;
			children = (
				EFABF71C25CA8C1800E69CC4 /* GRAMO.app */,
			);
			name = Products;
			sourceTree = "<group>";
		};
		EFABF71E25CA8C1800E69CC4 /* GRAMO */ = {
			isa = PBXGroup;
			children = (
				546EFCDD2625842C001EC9CB /* API */,
				548F4BBB2611DB9300A93433 /* Cell */,
				EF766C6725CA8E0400DECE25 /* VC */,
				EF766C6825CA8E0A00DECE25 /* Networking */,
				EF766C6625CA8DF900DECE25 /* UI */,
				EFABF71F25CA8C1800E69CC4 /* AppDelegate.swift */,
				EFABF72825CA8C1900E69CC4 /* Assets.xcassets */,
				EFABF72A25CA8C1900E69CC4 /* LaunchScreen.storyboard */,
				EFABF72D25CA8C1900E69CC4 /* Info.plist */,
				EF766C7525CA8F5D00DECE25 /* NotoSansKR-Black.otf */,
				EF766C7425CA8F5D00DECE25 /* NotoSansKR-Bold.otf */,
				EF766C7725CA8F5D00DECE25 /* NotoSansKR-Light.otf */,
				EF766C7625CA8F5D00DECE25 /* NotoSansKR-Medium.otf */,
				EF766C7325CA8F5D00DECE25 /* NotoSansKR-Regular.otf */,
				EF766C7825CA8F5D00DECE25 /* NotoSansKR-Thin.otf */,
				5428120E260B52EF00870F94 /* Roboto-Medium.ttf */,
			);
			path = GRAMO;
			sourceTree = "<group>";
		};
/* End PBXGroup section */

/* Begin PBXNativeTarget section */
		EFABF71B25CA8C1800E69CC4 /* GRAMO */ = {
			isa = PBXNativeTarget;
			buildConfigurationList = EFABF73025CA8C1900E69CC4 /* Build configuration list for PBXNativeTarget "GRAMO" */;
			buildPhases = (
				951B6B512C11A9993F9B93F0 /* [CP] Check Pods Manifest.lock */,
				EFABF71825CA8C1800E69CC4 /* Sources */,
				EFABF71925CA8C1800E69CC4 /* Frameworks */,
				EFABF71A25CA8C1800E69CC4 /* Resources */,
				EEB397F3103B2F880A381465 /* [CP] Embed Pods Frameworks */,
			);
			buildRules = (
			);
			dependencies = (
			);
			name = GRAMO;
			productName = GRAMO;
			productReference = EFABF71C25CA8C1800E69CC4 /* GRAMO.app */;
			productType = "com.apple.product-type.application";
		};
/* End PBXNativeTarget section */

/* Begin PBXProject section */
		EFABF71425CA8C1700E69CC4 /* Project object */ = {
			isa = PBXProject;
			attributes = {
				LastSwiftUpdateCheck = 1240;
				LastUpgradeCheck = 1240;
				TargetAttributes = {
					EFABF71B25CA8C1800E69CC4 = {
						CreatedOnToolsVersion = 12.4;
					};
				};
			};
			buildConfigurationList = EFABF71725CA8C1700E69CC4 /* Build configuration list for PBXProject "GRAMO" */;
			compatibilityVersion = "Xcode 9.3";
			developmentRegion = en;
			hasScannedForEncodings = 0;
			knownRegions = (
				en,
				Base,
			);
			mainGroup = EFABF71325CA8C1700E69CC4;
			productRefGroup = EFABF71D25CA8C1800E69CC4 /* Products */;
			projectDirPath = "";
			projectRoot = "";
			targets = (
				EFABF71B25CA8C1800E69CC4 /* GRAMO */,
			);
		};
/* End PBXProject section */

/* Begin PBXResourcesBuildPhase section */
		EFABF71A25CA8C1800E69CC4 /* Resources */ = {
			isa = PBXResourcesBuildPhase;
			buildActionMask = 2147483647;
			files = (
				EF766C8325CA8F7800DECE25 /* NotoSansKR-Thin.otf in Resources */,
				EF766C7D25CA8F7000DECE25 /* NotoSansKR-Light.otf in Resources */,
				546F625025F8D04A006DE88A /* Calendar2.storyboard in Resources */,
				EFABF72C25CA8C1900E69CC4 /* LaunchScreen.storyboard in Resources */,
				EF766C7F25CA8F7200DECE25 /* NotoSansKR-Medium.otf in Resources */,
				EFABF72925CA8C1900E69CC4 /* Assets.xcassets in Resources */,
				EFABF72725CA8C1800E69CC4 /* Main.storyboard in Resources */,
				EF766C7925CA8F6A00DECE25 /* NotoSansKR-Black.otf in Resources */,
				EF766C8125CA8F7500DECE25 /* NotoSansKR-Regular.otf in Resources */,
				EF766C7B25CA8F6D00DECE25 /* NotoSansKR-Bold.otf in Resources */,
			);
			runOnlyForDeploymentPostprocessing = 0;
		};
/* End PBXResourcesBuildPhase section */

/* Begin PBXShellScriptBuildPhase section */
		951B6B512C11A9993F9B93F0 /* [CP] Check Pods Manifest.lock */ = {
			isa = PBXShellScriptBuildPhase;
			buildActionMask = 2147483647;
			files = (
			);
			inputFileListPaths = (
			);
			inputPaths = (
				"${PODS_PODFILE_DIR_PATH}/Podfile.lock",
				"${PODS_ROOT}/Manifest.lock",
			);
			name = "[CP] Check Pods Manifest.lock";
			outputFileListPaths = (
			);
			outputPaths = (
				"$(DERIVED_FILE_DIR)/Pods-GRAMO-checkManifestLockResult.txt",
			);
			runOnlyForDeploymentPostprocessing = 0;
			shellPath = /bin/sh;
			shellScript = "diff \"${PODS_PODFILE_DIR_PATH}/Podfile.lock\" \"${PODS_ROOT}/Manifest.lock\" > /dev/null\nif [ $? != 0 ] ; then\n    # print error to STDERR\n    echo \"error: The sandbox is not in sync with the Podfile.lock. Run 'pod install' or update your CocoaPods installation.\" >&2\n    exit 1\nfi\n# This output is used by Xcode 'outputs' to avoid re-running this script phase.\necho \"SUCCESS\" > \"${SCRIPT_OUTPUT_FILE_0}\"\n";
			showEnvVarsInLog = 0;
		};
		EEB397F3103B2F880A381465 /* [CP] Embed Pods Frameworks */ = {
			isa = PBXShellScriptBuildPhase;
			buildActionMask = 2147483647;
			files = (
			);
			inputFileListPaths = (
				"${PODS_ROOT}/Target Support Files/Pods-GRAMO/Pods-GRAMO-frameworks-${CONFIGURATION}-input-files.xcfilelist",
			);
			name = "[CP] Embed Pods Frameworks";
			outputFileListPaths = (
				"${PODS_ROOT}/Target Support Files/Pods-GRAMO/Pods-GRAMO-frameworks-${CONFIGURATION}-output-files.xcfilelist",
			);
			runOnlyForDeploymentPostprocessing = 0;
			shellPath = /bin/sh;
			shellScript = "\"${PODS_ROOT}/Target Support Files/Pods-GRAMO/Pods-GRAMO-frameworks.sh\"\n";
			showEnvVarsInLog = 0;
		};
/* End PBXShellScriptBuildPhase section */

/* Begin PBXSourcesBuildPhase section */
		EFABF71825CA8C1800E69CC4 /* Sources */ = {
			isa = PBXSourcesBuildPhase;
			buildActionMask = 2147483647;
			files = (
				546EFCE226258883001EC9CB /* GetCalenderList.swift in Sources */,
				548F4BB92611DB8D00A93433 /* PICUTableViewCell.swift in Sources */,
				546EFCDF26258694001EC9CB /* GetPlan.swift in Sources */,
				54BCBF4C26036B8200B44447 /* DetailViewController.swift in Sources */,
				EFABF72425CA8C1800E69CC4 /* ViewController.swift in Sources */,
				EF4416C725E942ED0074F6FC /* HTTPClient.swift in Sources */,
				EF4416CA25E942F30074F6FC /* Networking.swift in Sources */,
				EF766C7025CA8E7800DECE25 /* TestNetworking.swift in Sources */,
				542603762626D8F0008AE0B8 /* GetPICU.swift in Sources */,
				54FE42C9261C2E00004C5D9B /* SpecialTableViewCell.swift in Sources */,
				EFABF72025CA8C1800E69CC4 /* AppDelegate.swift in Sources */,
				546F625325F8D142006DE88A /* Calendar2VC.swift in Sources */,
			);
			runOnlyForDeploymentPostprocessing = 0;
		};
/* End PBXSourcesBuildPhase section */

/* Begin PBXVariantGroup section */
		EFABF72525CA8C1800E69CC4 /* Main.storyboard */ = {
			isa = PBXVariantGroup;
			children = (
				EFABF72625CA8C1800E69CC4 /* Base */,
			);
			name = Main.storyboard;
			sourceTree = "<group>";
		};
		EFABF72A25CA8C1900E69CC4 /* LaunchScreen.storyboard */ = {
			isa = PBXVariantGroup;
			children = (
				EFABF72B25CA8C1900E69CC4 /* Base */,
			);
			name = LaunchScreen.storyboard;
			sourceTree = "<group>";
		};
/* End PBXVariantGroup section */

/* Begin XCBuildConfiguration section */
		EFABF72E25CA8C1900E69CC4 /* Debug */ = {
			isa = XCBuildConfiguration;
			buildSettings = {
				ALWAYS_SEARCH_USER_PATHS = NO;
				CLANG_ANALYZER_NONNULL = YES;
				CLANG_ANALYZER_NUMBER_OBJECT_CONVERSION = YES_AGGRESSIVE;
				CLANG_CXX_LANGUAGE_STANDARD = "gnu++14";
				CLANG_CXX_LIBRARY = "libc++";
				CLANG_ENABLE_MODULES = YES;
				CLANG_ENABLE_OBJC_ARC = YES;
				CLANG_ENABLE_OBJC_WEAK = YES;
				CLANG_WARN_BLOCK_CAPTURE_AUTORELEASING = YES;
				CLANG_WARN_BOOL_CONVERSION = YES;
				CLANG_WARN_COMMA = YES;
				CLANG_WARN_CONSTANT_CONVERSION = YES;
				CLANG_WARN_DEPRECATED_OBJC_IMPLEMENTATIONS = YES;
				CLANG_WARN_DIRECT_OBJC_ISA_USAGE = YES_ERROR;
				CLANG_WARN_DOCUMENTATION_COMMENTS = YES;
				CLANG_WARN_EMPTY_BODY = YES;
				CLANG_WARN_ENUM_CONVERSION = YES;
				CLANG_WARN_INFINITE_RECURSION = YES;
				CLANG_WARN_INT_CONVERSION = YES;
				CLANG_WARN_NON_LITERAL_NULL_CONVERSION = YES;
				CLANG_WARN_OBJC_IMPLICIT_RETAIN_SELF = YES;
				CLANG_WARN_OBJC_LITERAL_CONVERSION = YES;
				CLANG_WARN_OBJC_ROOT_CLASS = YES_ERROR;
				CLANG_WARN_QUOTED_INCLUDE_IN_FRAMEWORK_HEADER = YES;
				CLANG_WARN_RANGE_LOOP_ANALYSIS = YES;
				CLANG_WARN_STRICT_PROTOTYPES = YES;
				CLANG_WARN_SUSPICIOUS_MOVE = YES;
				CLANG_WARN_UNGUARDED_AVAILABILITY = YES_AGGRESSIVE;
				CLANG_WARN_UNREACHABLE_CODE = YES;
				CLANG_WARN__DUPLICATE_METHOD_MATCH = YES;
				COPY_PHASE_STRIP = NO;
				DEBUG_INFORMATION_FORMAT = dwarf;
				ENABLE_STRICT_OBJC_MSGSEND = YES;
				ENABLE_TESTABILITY = YES;
				GCC_C_LANGUAGE_STANDARD = gnu11;
				GCC_DYNAMIC_NO_PIC = NO;
				GCC_NO_COMMON_BLOCKS = YES;
				GCC_OPTIMIZATION_LEVEL = 0;
				GCC_PREPROCESSOR_DEFINITIONS = (
					"DEBUG=1",
					"$(inherited)",
				);
				GCC_WARN_64_TO_32_BIT_CONVERSION = YES;
				GCC_WARN_ABOUT_RETURN_TYPE = YES_ERROR;
				GCC_WARN_UNDECLARED_SELECTOR = YES;
				GCC_WARN_UNINITIALIZED_AUTOS = YES_AGGRESSIVE;
				GCC_WARN_UNUSED_FUNCTION = YES;
				GCC_WARN_UNUSED_VARIABLE = YES;
				IPHONEOS_DEPLOYMENT_TARGET = 14.4;
				MTL_ENABLE_DEBUG_INFO = INCLUDE_SOURCE;
				MTL_FAST_MATH = YES;
				ONLY_ACTIVE_ARCH = YES;
				SDKROOT = iphoneos;
				SWIFT_ACTIVE_COMPILATION_CONDITIONS = DEBUG;
				SWIFT_OPTIMIZATION_LEVEL = "-Onone";
			};
			name = Debug;
		};
		EFABF72F25CA8C1900E69CC4 /* Release */ = {
			isa = XCBuildConfiguration;
			buildSettings = {
				ALWAYS_SEARCH_USER_PATHS = NO;
				CLANG_ANALYZER_NONNULL = YES;
				CLANG_ANALYZER_NUMBER_OBJECT_CONVERSION = YES_AGGRESSIVE;
				CLANG_CXX_LANGUAGE_STANDARD = "gnu++14";
				CLANG_CXX_LIBRARY = "libc++";
				CLANG_ENABLE_MODULES = YES;
				CLANG_ENABLE_OBJC_ARC = YES;
				CLANG_ENABLE_OBJC_WEAK = YES;
				CLANG_WARN_BLOCK_CAPTURE_AUTORELEASING = YES;
				CLANG_WARN_BOOL_CONVERSION = YES;
				CLANG_WARN_COMMA = YES;
				CLANG_WARN_CONSTANT_CONVERSION = YES;
				CLANG_WARN_DEPRECATED_OBJC_IMPLEMENTATIONS = YES;
				CLANG_WARN_DIRECT_OBJC_ISA_USAGE = YES_ERROR;
				CLANG_WARN_DOCUMENTATION_COMMENTS = YES;
				CLANG_WARN_EMPTY_BODY = YES;
				CLANG_WARN_ENUM_CONVERSION = YES;
				CLANG_WARN_INFINITE_RECURSION = YES;
				CLANG_WARN_INT_CONVERSION = YES;
				CLANG_WARN_NON_LITERAL_NULL_CONVERSION = YES;
				CLANG_WARN_OBJC_IMPLICIT_RETAIN_SELF = YES;
				CLANG_WARN_OBJC_LITERAL_CONVERSION = YES;
				CLANG_WARN_OBJC_ROOT_CLASS = YES_ERROR;
				CLANG_WARN_QUOTED_INCLUDE_IN_FRAMEWORK_HEADER = YES;
				CLANG_WARN_RANGE_LOOP_ANALYSIS = YES;
				CLANG_WARN_STRICT_PROTOTYPES = YES;
				CLANG_WARN_SUSPICIOUS_MOVE = YES;
				CLANG_WARN_UNGUARDED_AVAILABILITY = YES_AGGRESSIVE;
				CLANG_WARN_UNREACHABLE_CODE = YES;
				CLANG_WARN__DUPLICATE_METHOD_MATCH = YES;
				COPY_PHASE_STRIP = NO;
				DEBUG_INFORMATION_FORMAT = "dwarf-with-dsym";
				ENABLE_NS_ASSERTIONS = NO;
				ENABLE_STRICT_OBJC_MSGSEND = YES;
				GCC_C_LANGUAGE_STANDARD = gnu11;
				GCC_NO_COMMON_BLOCKS = YES;
				GCC_WARN_64_TO_32_BIT_CONVERSION = YES;
				GCC_WARN_ABOUT_RETURN_TYPE = YES_ERROR;
				GCC_WARN_UNDECLARED_SELECTOR = YES;
				GCC_WARN_UNINITIALIZED_AUTOS = YES_AGGRESSIVE;
				GCC_WARN_UNUSED_FUNCTION = YES;
				GCC_WARN_UNUSED_VARIABLE = YES;
				IPHONEOS_DEPLOYMENT_TARGET = 14.4;
				MTL_ENABLE_DEBUG_INFO = NO;
				MTL_FAST_MATH = YES;
				SDKROOT = iphoneos;
				SWIFT_COMPILATION_MODE = wholemodule;
				SWIFT_OPTIMIZATION_LEVEL = "-O";
				VALIDATE_PRODUCT = YES;
			};
			name = Release;
		};
		EFABF73125CA8C1900E69CC4 /* Debug */ = {
			isa = XCBuildConfiguration;
			baseConfigurationReference = 9A4F5BAE346346B91B6B2835 /* Pods-GRAMO.debug.xcconfig */;
			buildSettings = {
				ASSETCATALOG_COMPILER_APPICON_NAME = AppIcon;
				ASSETCATALOG_COMPILER_GLOBAL_ACCENT_COLOR_NAME = AccentColor;
				CODE_SIGN_STYLE = Automatic;
				DEVELOPMENT_TEAM = FSLGTDRXYN;
				INFOPLIST_FILE = GRAMO/Info.plist;
				LD_RUNPATH_SEARCH_PATHS = (
					"$(inherited)",
					"@executable_path/Frameworks",
				);
				PRODUCT_BUNDLE_IDENTIFIER = com.Gram.GRAMO;
				PRODUCT_NAME = "$(TARGET_NAME)";
				SWIFT_VERSION = 5.0;
				TARGETED_DEVICE_FAMILY = "1,2";
			};
			name = Debug;
		};
		EFABF73225CA8C1900E69CC4 /* Release */ = {
			isa = XCBuildConfiguration;
			baseConfigurationReference = F3A525CBC151FAC4B5AEACC8 /* Pods-GRAMO.release.xcconfig */;
			buildSettings = {
				ASSETCATALOG_COMPILER_APPICON_NAME = AppIcon;
				ASSETCATALOG_COMPILER_GLOBAL_ACCENT_COLOR_NAME = AccentColor;
				CODE_SIGN_STYLE = Automatic;
				DEVELOPMENT_TEAM = FSLGTDRXYN;
				INFOPLIST_FILE = GRAMO/Info.plist;
				LD_RUNPATH_SEARCH_PATHS = (
					"$(inherited)",
					"@executable_path/Frameworks",
				);
				PRODUCT_BUNDLE_IDENTIFIER = com.Gram.GRAMO;
				PRODUCT_NAME = "$(TARGET_NAME)";
				SWIFT_VERSION = 5.0;
				TARGETED_DEVICE_FAMILY = "1,2";
			};
			name = Release;
		};
/* End XCBuildConfiguration section */

/* Begin XCConfigurationList section */
		EFABF71725CA8C1700E69CC4 /* Build configuration list for PBXProject "GRAMO" */ = {
			isa = XCConfigurationList;
			buildConfigurations = (
				EFABF72E25CA8C1900E69CC4 /* Debug */,
				EFABF72F25CA8C1900E69CC4 /* Release */,
			);
			defaultConfigurationIsVisible = 0;
			defaultConfigurationName = Release;
		};
		EFABF73025CA8C1900E69CC4 /* Build configuration list for PBXNativeTarget "GRAMO" */ = {
			isa = XCConfigurationList;
			buildConfigurations = (
				EFABF73125CA8C1900E69CC4 /* Debug */,
				EFABF73225CA8C1900E69CC4 /* Release */,
			);
			defaultConfigurationIsVisible = 0;
			defaultConfigurationName = Release;
		};
/* End XCConfigurationList section */
	};
	rootObject = EFABF71425CA8C1700E69CC4 /* Project object */;
}
